
Microsoft Visual Studio Solution File, Format Version 12.00
# Visual Studio Version 17
VisualStudioVersion = 17.4.33213.308
MinimumVisualStudioVersion = 10.0.40219.1
Project("{FAE04EC0-301F-11D3-BF4B-00C04F79EFBC}") = "RowerOwO", "RowerOwO\RowerOwO.csproj", "{54823FCD-FE7C-483F-A0B9-27A1E33B5182}"
EndProject
Global
	GlobalSection(SolutionConfigurationPlatforms) = preSolution
		Debug|Any CPU = Debug|Any CPU
		Release|Any CPU = Release|Any CPU
	EndGlobalSection
	GlobalSection(ProjectConfigurationPlatforms) = postSolution
		{54823FCD-FE7C-483F-A0B9-27A1E33B5182}.Debug|Any CPU.ActiveCfg = Debug|Any CPU
		{54823FCD-FE7C-483F-A0B9-27A1E33B5182}.Debug|Any CPU.Build.0 = Debug|Any CPU
		{54823FCD-FE7C-483F-A0B9-27A1E33B5182}.Release|Any CPU.ActiveCfg = Release|Any CPU
		{54823FCD-FE7C-483F-A0B9-27A1E33B5182}.Release|Any CPU.Build.0 = Release|Any CPU
	EndGlobalSection
	GlobalSection(SolutionProperties) = preSolution
		HideSolutionNode = FALSE
	EndGlobalSection
	GlobalSection(ExtensibilityGlobals) = postSolution
		SolutionGuid = {84D15606-FBB6-4853-A8C3-A0FC4C0C02DA}
	EndGlobalSection
EndGlobal
